
Microsoft Visual Studio Solution File, Format Version 12.00
# Visual Studio Version 17
VisualStudioVersion = 17.13.35806.99 d17.13
MinimumVisualStudioVersion = 10.0.40219.1
Project("{FAE04EC0-301F-11D3-BF4B-00C04F79EFBC}") = "CookWhatYouHave", "CookWhatYouHave.csproj", "{90DB1142-89DC-4AE6-8805-47721F32D77C}"
EndProject
Global
	GlobalSection(SolutionConfigurationPlatforms) = preSolution
		Debug|Any CPU = Debug|Any CPU
		Release|Any CPU = Release|Any CPU
	EndGlobalSection
	GlobalSection(ProjectConfigurationPlatforms) = postSolution
		{90DB1142-89DC-4AE6-8805-47721F32D77C}.Debug|Any CPU.ActiveCfg = Debug|Any CPU
		{90DB1142-89DC-4AE6-8805-47721F32D77C}.Debug|Any CPU.Build.0 = Debug|Any CPU
		{90DB1142-89DC-4AE6-8805-47721F32D77C}.Release|Any CPU.ActiveCfg = Release|Any CPU
		{90DB1142-89DC-4AE6-8805-47721F32D77C}.Release|Any CPU.Build.0 = Release|Any CPU
	EndGlobalSection
	GlobalSection(SolutionProperties) = preSolution
		HideSolutionNode = FALSE
	EndGlobalSection
	GlobalSection(ExtensibilityGlobals) = postSolution
		SolutionGuid = {2E1EBB57-E109-498A-9699-8D92971A7CF9}
	EndGlobalSection
EndGlobal
